
Microsoft Visual Studio Solution File, Format Version 12.00
# Visual Studio 2013
VisualStudioVersion = 12.0.20623.1 VSUPREVIEW
MinimumVisualStudioVersion = 10.0.40219.1
Project("{FAE04EC0-301F-11D3-BF4B-00C04F79EFBC}") = "FormAutomaton-ChromeExt", "FormAutomaton-ChromeExt.csproj", "{E6A51DD9-26E7-4BEC-A66E-A83E2C84C8EB}"
EndProject
Global
	GlobalSection(SolutionConfigurationPlatforms) = preSolution
		Debug|Any CPU = Debug|Any CPU
		Release|Any CPU = Release|Any CPU
	EndGlobalSection
	GlobalSection(ProjectConfigurationPlatforms) = postSolution
		{E6A51DD9-26E7-4BEC-A66E-A83E2C84C8EB}.Debug|Any CPU.ActiveCfg = Debug|Any CPU
		{E6A51DD9-26E7-4BEC-A66E-A83E2C84C8EB}.Debug|Any CPU.Build.0 = Debug|Any CPU
		{E6A51DD9-26E7-4BEC-A66E-A83E2C84C8EB}.Release|Any CPU.ActiveCfg = Release|Any CPU
		{E6A51DD9-26E7-4BEC-A66E-A83E2C84C8EB}.Release|Any CPU.Build.0 = Release|Any CPU
	EndGlobalSection
	GlobalSection(SolutionProperties) = preSolution
		HideSolutionNode = FALSE
	EndGlobalSection
EndGlobal
